# This file is automatically @generated by Cargo.
# It is not intended for manual editing.
version = 3

[[package]]
name = "ropey"
version = "1.6.0"
source = "registry+https://github.com/rust-lang/crates.io-index"
checksum = "53ce7a2c43a32e50d666e33c5a80251b31147bb4b49024bcab11fb6f20c671ed"
dependencies = [
 "smallvec",
 "str_indices",
]

[[package]]
name = "sled"
version = "0.1.0"
dependencies = [
 "ropey",
]

[[package]]
name = "smallvec"
version = "1.10.0"
source = "registry+https://github.com/rust-lang/crates.io-index"
checksum = "a507befe795404456341dfab10cef66ead4c041f62b8b11bbb92bffe5d0953e0"

[[package]]
name = "str_indices"
version = "0.4.1"
source = "registry+https://github.com/rust-lang/crates.io-index"
checksum = "5f026164926842ec52deb1938fae44f83dfdb82d0a5b0270c5bd5935ab74d6dd"
